{
  "name": "layastarcatcher",
  "version": "1.0.0",
  "lockfileVersion": 1,
  "requires": true,
  "dependencies": {
    "@game/game-framework-laya": {
      "version": "0.8.20-alpha.3",
      "resolved": "http://r.npm.sankuai.com/@game/game-framework-laya/download/@game/game-framework-laya-0.8.20-alpha.3.tgz",
      "integrity": "sha1-HpSddVOs/ogLxBu7RhPXn1HZ0ms="
    }
  }
}
